{
  "name": "common",
  "version": "1.0.0",
  "lockfileVersion": 1,
  "requires": true,
  "dependencies": {
    "validator": {
      "version": "11.0.0",
      "resolved": "https://registry.npmjs.org/validator/-/validator-11.0.0.tgz",
      "integrity": "sha512-+wnGLYqaKV2++nUv60uGzUJyJQwYVOin6pn1tgEiFCeCQO60yeu3Og9/yPccbBX574kxIcEJicogkzx6s6eyag=="
    }
  }
}
